// !$*UTF8*$!
{
	archiveVersion = 1;
	classes = {
	};
	objectVersion = 46;
	objects = {

/* Begin PBXBuildFile section */
		59B0254F1DC0DBB2004A19A7 /* AppDelegate.m in Sources */ = {isa = PBXBuildFile; fileRef = 59B0254E1DC0DBB2004A19A7 /* AppDelegate.m */; };
		59B025521DC0DBB2004A19A7 /* main.m in Sources */ = {isa = PBXBuildFile; fileRef = 59B025511DC0DBB2004A19A7 /* main.m */; };
		59B025551DC0DBB2004A19A7 /* ViewController.m in Sources */ = {isa = PBXBuildFile; fileRef = 59B025541DC0DBB2004A19A7 /* ViewController.m */; };
		59B025571DC0DBB2004A19A7 /* Assets.xcassets in Resources */ = {isa = PBXBuildFile; fileRef = 59B025561DC0DBB2004A19A7 /* Assets.xcassets */; };
		59B0255A1DC0DBB2004A19A7 /* Main.storyboard in Resources */ = {isa = PBXBuildFile; fileRef = 59B025581DC0DBB2004A19A7 /* Main.storyboard */; };
		59B025651DC0DBB2004A19A7 /* xxxTests.m in Sources */ = {isa = PBXBuildFile; fileRef = 59B025641DC0DBB2004A19A7 /* xxxTests.m */; };
		59B025701DC0DBB2004A19A7 /* xxxUITests.m in Sources */ = {isa = PBXBuildFile; fileRef = 59B0256F1DC0DBB2004A19A7 /* xxxUITests.m */; };
/* End PBXBuildFile section */

/* Begin PBXContainerItemProxy section */
		59B025611DC0DBB2004A19A7 /* PBXContainerItemProxy */ = {
			isa = PBXContainerItemProxy;
			containerPortal = 59B025421DC0DBB2004A19A7 /* Project object */;
			proxyType = 1;
			remoteGlobalIDString = 59B025491DC0DBB2004A19A7;
			remoteInfo = xxx;
		};
		59B0256C1DC0DBB2004A19A7 /* PBXContainerItemProxy */ = {
			isa = PBXContainerItemProxy;
			containerPortal = 59B025421DC0DBB2004A19A7 /* Project object */;
			proxyType = 1;
			remoteGlobalIDString = 59B025491DC0DBB2004A19A7;
			remoteInfo = xxx;
		};
/* End PBXContainerItemProxy section */

/* Begin PBXFileReference section */
		59B0254A1DC0DBB2004A19A7 /* xxx.app */ = {isa = PBXFileReference; explicitFileType = wrapper.application; includeInIndex = 0; path = xxx.app; sourceTree = BUILT_PRODUCTS_DIR; };
		59B0254D1DC0DBB2004A19A7 /* AppDelegate.h */ = {isa = PBXFileReference; lastKnownFileType = sourcecode.c.h; path = AppDelegate.h; sourceTree = "<group>"; };
		59B0254E1DC0DBB2004A19A7 /* AppDelegate.m */ = {isa = PBXFileReference; lastKnownFileType = sourcecode.c.objc; path = AppDelegate.m; sourceTree = "<group>"; };
		59B025511DC0DBB2004A19A7 /* main.m */ = {isa = PBXFileReference; lastKnownFileType = sourcecode.c.objc; path = main.m; sourceTree = "<group>"; };
		59B025531DC0DBB2004A19A7 /* ViewController.h */ = {isa = PBXFileReference; lastKnownFileType = sourcecode.c.h; path = ViewController.h; sourceTree = "<group>"; };
		59B025541DC0DBB2004A19A7 /* ViewController.m */ = {isa = PBXFileReference; lastKnownFileType = sourcecode.c.objc; path = ViewController.m; sourceTree = "<group>"; };
		59B025561DC0DBB2004A19A7 /* Assets.xcassets */ = {isa = PBXFileReference; lastKnownFileType = folder.assetcatalog; path = Assets.xcassets; sourceTree = "<group>"; };
		59B025591DC0DBB2004A19A7 /* Base */ = {isa = PBXFileReference; lastKnownFileType = file.storyboard; name = Base; path = Base.lproj/Main.storyboard; sourceTree = "<group>"; };
		59B0255B1DC0DBB2004A19A7 /* Info.plist */ = {isa = PBXFileReference; lastKnownFileType = text.plist.xml; path = Info.plist; sourceTree = "<group>"; };
		59B025601DC0DBB2004A19A7 /* xxxTests.xctest */ = {isa = PBXFileReference; explicitFileType = wrapper.cfbundle; includeInIndex = 0; path = xxxTests.xctest; sourceTree = BUILT_PRODUCTS_DIR; };
		59B025641DC0DBB2004A19A7 /* xxxTests.m */ = {isa = PBXFileReference; lastKnownFileType = sourcecode.c.objc; path = xxxTests.m; sourceTree = "<group>"; };
		59B025661DC0DBB2004A19A7 /* Info.plist */ = {isa = PBXFileReference; lastKnownFileType = text.plist.xml; path = Info.plist; sourceTree = "<group>"; };
		59B0256B1DC0DBB2004A19A7 /* xxxUITests.xctest */ = {isa = PBXFileReference; explicitFileType = wrapper.cfbundle; includeInIndex = 0; path = xxxUITests.xctest; sourceTree = BUILT_PRODUCTS_DIR; };
		59B0256F1DC0DBB2004A19A7 /* xxxUITests.m */ = {isa = PBXFileReference; lastKnownFileType = sourcecode.c.objc; path = xxxUITests.m; sourceTree = "<group>"; };
		59B025711DC0DBB2004A19A7 /* Info.plist */ = {isa = PBXFileReference; lastKnownFileType = text.plist.xml; path = Info.plist; sourceTree = "<group>"; };
/* End PBXFileReference section */

/* Begin PBXFrameworksBuildPhase section */
		59B025471DC0DBB2004A19A7 /* Frameworks */ = {
			isa = PBXFrameworksBuildPhase;
			buildActionMask = 2147483647;
			files = (
			);
			runOnlyForDeploymentPostprocessing = 0;
		};
		59B0255D1DC0DBB2004A19A7 /* Frameworks */ = {
			isa = PBXFrameworksBuildPhase;
			buildActionMask = 2147483647;
			files = (
			);
			runOnlyForDeploymentPostprocessing = 0;
		};
		59B025681DC0DBB2004A19A7 /* Frameworks */ = {
			isa = PBXFrameworksBuildPhase;
			buildActionMask = 2147483647;
			files = (
			);
			runOnlyForDeploymentPostprocessing = 0;
		};
/* End PBXFrameworksBuildPhase section */

/* Begin PBXGroup section */
		59B025411DC0DBB2004A19A7 = {
			isa = PBXGroup;
			children = (
				59B0254C1DC0DBB2004A19A7 /* xxx */,
				59B025631DC0DBB2004A19A7 /* xxxTests */,
				59B0256E1DC0DBB2004A19A7 /* xxxUITests */,
				59B0254B1DC0DBB2004A19A7 /* Products */,
			);
			sourceTree = "<group>";
		};
		59B0254B1DC0DBB2004A19A7 /* Products */ = {
			isa = PBXGroup;
			children = (
				59B0254A1DC0DBB2004A19A7 /* xxx.app */,
				59B025601DC0DBB2004A19A7 /* xxxTests.xctest */,
				59B0256B1DC0DBB2004A19A7 /* xxxUITests.xctest */,
			);
			name = Products;
			sourceTree = "<group>";
		};
		59B0254C1DC0DBB2004A19A7 /* xxx */ = {
			isa = PBXGroup;
			children = (
				59B0254D1DC0DBB2004A19A7 /* AppDelegate.h */,
				59B0254E1DC0DBB2004A19A7 /* AppDelegate.m */,
				59B025531DC0DBB2004A19A7 /* ViewController.h */,
				59B025541DC0DBB2004A19A7 /* ViewController.m */,
				59B025561DC0DBB2004A19A7 /* Assets.xcassets */,
				59B025581DC0DBB2004A19A7 /* Main.storyboard */,
				59B0255B1DC0DBB2004A19A7 /* Info.plist */,
				59B025501DC0DBB2004A19A7 /* Supporting Files */,
			);
			path = xxx;
			sourceTree = "<group>";
		};
		59B025501DC0DBB2004A19A7 /* Supporting Files */ = {
			isa = PBXGroup;
			children = (
				59B025511DC0DBB2004A19A7 /* main.m */,
			);
			name = "Supporting Files";
			sourceTree = "<group>";
		};
		59B025631DC0DBB2004A19A7 /* xxxTests */ = {
			isa = PBXGroup;
			children = (
				59B025641DC0DBB2004A19A7 /* xxxTests.m */,
				59B025661DC0DBB2004A19A7 /* Info.plist */,
			);
			path = xxxTests;
			sourceTree = "<group>";
		};
		59B0256E1DC0DBB2004A19A7 /* xxxUITests */ = {
			isa = PBXGroup;
			children = (
				59B0256F1DC0DBB2004A19A7 /* xxxUITests.m */,
				59B025711DC0DBB2004A19A7 /* Info.plist */,
			);
			path = xxxUITests;
			sourceTree = "<group>";
		};
/* End PBXGroup section */

/* Begin PBXNativeTarget section */
		59B025491DC0DBB2004A19A7 /* xxx */ = {
			isa = PBXNativeTarget;
			buildConfigurationList = 59B025741DC0DBB2004A19A7 /* Build configuration list for PBXNativeTarget "xxx" */;
			buildPhases = (
				59B025461DC0DBB2004A19A7 /* Sources */,
				59B025471DC0DBB2004A19A7 /* Frameworks */,
				59B025481DC0DBB2004A19A7 /* Resources */,
			);
			buildRules = (
			);
			dependencies = (
			);
			name = xxx;
			productName = xxx;
			productReference = 59B0254A1DC0DBB2004A19A7 /* xxx.app */;
			productType = "com.apple.product-type.application";
		};
		59B0255F1DC0DBB2004A19A7 /* xxxTests */ = {
			isa = PBXNativeTarget;
			buildConfigurationList = 59B025771DC0DBB2004A19A7 /* Build configuration list for PBXNativeTarget "xxxTests" */;
			buildPhases = (
				59B0255C1DC0DBB2004A19A7 /* Sources */,
				59B0255D1DC0DBB2004A19A7 /* Frameworks */,
				59B0255E1DC0DBB2004A19A7 /* Resources */,
			);
			buildRules = (
			);
			dependencies = (
				59B025621DC0DBB2004A19A7 /* PBXTargetDependency */,
			);
			name = xxxTests;
			productName = xxxTests;
			productReference = 59B025601DC0DBB2004A19A7 /* xxxTests.xctest */;
			productType = "com.apple.product-type.bundle.unit-test";
		};
		59B0256A1DC0DBB2004A19A7 /* xxxUITests */ = {
			isa = PBXNativeTarget;
			buildConfigurationList = 59B0257A1DC0DBB2004A19A7 /* Build configuration list for PBXNativeTarget "xxxUITests" */;
			buildPhases = (
				59B025671DC0DBB2004A19A7 /* Sources */,
				59B025681DC0DBB2004A19A7 /* Frameworks */,
				59B025691DC0DBB2004A19A7 /* Resources */,
			);
			buildRules = (
			);
			dependencies = (
				59B0256D1DC0DBB2004A19A7 /* PBXTargetDependency */,
			);
			name = xxxUITests;
			productName = xxxUITests;
			productReference = 59B0256B1DC0DBB2004A19A7 /* xxxUITests.xctest */;
			productType = "com.apple.product-type.bundle.ui-testing";
		};
/* End PBXNativeTarget section */

/* Begin PBXProject section */
		59B025421DC0DBB2004A19A7 /* Project object */ = {
			isa = PBXProject;
			attributes = {
				LastUpgradeCheck = 0800;
				ORGANIZATIONNAME = "lê công thành";
				TargetAttributes = {
					59B025491DC0DBB2004A19A7 = {
						CreatedOnToolsVersion = 8.0;
						ProvisioningStyle = Automatic;
					};
					59B0255F1DC0DBB2004A19A7 = {
						CreatedOnToolsVersion = 8.0;
						ProvisioningStyle = Automatic;
						TestTargetID = 59B025491DC0DBB2004A19A7;
					};
					59B0256A1DC0DBB2004A19A7 = {
						CreatedOnToolsVersion = 8.0;
						ProvisioningStyle = Automatic;
						TestTargetID = 59B025491DC0DBB2004A19A7;
					};
				};
			};
			buildConfigurationList = 59B025451DC0DBB2004A19A7 /* Build configuration list for PBXProject "xxx" */;
			compatibilityVersion = "Xcode 3.2";
			developmentRegion = English;
			hasScannedForEncodings = 0;
			knownRegions = (
				en,
				Base,
			);
			mainGroup = 59B025411DC0DBB2004A19A7;
			productRefGroup = 59B0254B1DC0DBB2004A19A7 /* Products */;
			projectDirPath = "";
			projectRoot = "";
			targets = (
				59B025491DC0DBB2004A19A7 /* xxx */,
				59B0255F1DC0DBB2004A19A7 /* xxxTests */,
				59B0256A1DC0DBB2004A19A7 /* xxxUITests */,
			);
		};
/* End PBXProject section */

/* Begin PBXResourcesBuildPhase section */
		59B025481DC0DBB2004A19A7 /* Resources */ = {
			isa = PBXResourcesBuildPhase;
			buildActionMask = 2147483647;
			files = (
				59B025571DC0DBB2004A19A7 /* Assets.xcassets in Resources */,
				59B0255A1DC0DBB2004A19A7 /* Main.storyboard in Resources */,
			);
			runOnlyForDeploymentPostprocessing = 0;
		};
		59B0255E1DC0DBB2004A19A7 /* Resources */ = {
			isa = PBXResourcesBuildPhase;
			buildActionMask = 2147483647;
			files = (
			);
			runOnlyForDeploymentPostprocessing = 0;
		};
		59B025691DC0DBB2004A19A7 /* Resources */ = {
			isa = PBXResourcesBuildPhase;
			buildActionMask = 2147483647;
			files = (
			);
			runOnlyForDeploymentPostprocessing = 0;
		};
/* End PBXResourcesBuildPhase section */

/* Begin PBXSourcesBuildPhase section */
		59B025461DC0DBB2004A19A7 /* Sources */ = {
			isa = PBXSourcesBuildPhase;
			buildActionMask = 2147483647;
			files = (
				59B025551DC0DBB2004A19A7 /* ViewController.m in Sources */,
				59B025521DC0DBB2004A19A7 /* main.m in Sources */,
				59B0254F1DC0DBB2004A19A7 /* AppDelegate.m in Sources */,
			);
			runOnlyForDeploymentPostprocessing = 0;
		};
		59B0255C1DC0DBB2004A19A7 /* Sources */ = {
			isa = PBXSourcesBuildPhase;
			buildActionMask = 2147483647;
			files = (
				59B025651DC0DBB2004A19A7 /* xxxTests.m in Sources */,
			);
			runOnlyForDeploymentPostprocessing = 0;
		};
		59B025671DC0DBB2004A19A7 /* Sources */ = {
			isa = PBXSourcesBuildPhase;
			buildActionMask = 2147483647;
			files = (
				59B025701DC0DBB2004A19A7 /* xxxUITests.m in Sources */,
			);
			runOnlyForDeploymentPostprocessing = 0;
		};
/* End PBXSourcesBuildPhase section */

/* Begin PBXTargetDependency section */
		59B025621DC0DBB2004A19A7 /* PBXTargetDependency */ = {
			isa = PBXTargetDependency;
			target = 59B025491DC0DBB2004A19A7 /* xxx */;
			targetProxy = 59B025611DC0DBB2004A19A7 /* PBXContainerItemProxy */;
		};
		59B0256D1DC0DBB2004A19A7 /* PBXTargetDependency */ = {
			isa = PBXTargetDependency;
			target = 59B025491DC0DBB2004A19A7 /* xxx */;
			targetProxy = 59B0256C1DC0DBB2004A19A7 /* PBXContainerItemProxy */;
		};
/* End PBXTargetDependency section */

/* Begin PBXVariantGroup section */
		59B025581DC0DBB2004A19A7 /* Main.storyboard */ = {
			isa = PBXVariantGroup;
			children = (
				59B025591DC0DBB2004A19A7 /* Base */,
			);
			name = Main.storyboard;
			sourceTree = "<group>";
		};
/* End PBXVariantGroup section */

/* Begin XCBuildConfiguration section */
		59B025721DC0DBB2004A19A7 /* Debug */ = {
			isa = XCBuildConfiguration;
			buildSettings = {
				ALWAYS_SEARCH_USER_PATHS = NO;
				CLANG_ANALYZER_NONNULL = YES;
				CLANG_CXX_LANGUAGE_STANDARD = "gnu++0x";
				CLANG_CXX_LIBRARY = "libc++";
				CLANG_ENABLE_MODULES = YES;
				CLANG_ENABLE_OBJC_ARC = YES;
				CLANG_WARN_BOOL_CONVERSION = YES;
				CLANG_WARN_CONSTANT_CONVERSION = YES;
				CLANG_WARN_DIRECT_OBJC_ISA_USAGE = YES_ERROR;
				CLANG_WARN_DOCUMENTATION_COMMENTS = YES;
				CLANG_WARN_EMPTY_BODY = YES;
				CLANG_WARN_ENUM_CONVERSION = YES;
				CLANG_WARN_INFINITE_RECURSION = YES;
				CLANG_WARN_INT_CONVERSION = YES;
				CLANG_WARN_OBJC_ROOT_CLASS = YES_ERROR;
				CLANG_WARN_SUSPICIOUS_MOVES = YES;
				CLANG_WARN_UNREACHABLE_CODE = YES;
				CLANG_WARN__DUPLICATE_METHOD_MATCH = YES;
				CODE_SIGN_IDENTITY = "-";
				COPY_PHASE_STRIP = NO;
				DEBUG_INFORMATION_FORMAT = dwarf;
				ENABLE_STRICT_OBJC_MSGSEND = YES;
				ENABLE_TESTABILITY = YES;
				GCC_C_LANGUAGE_STANDARD = gnu99;
				GCC_DYNAMIC_NO_PIC = NO;
				GCC_NO_COMMON_BLOCKS = YES;
				GCC_OPTIMIZATION_LEVEL = 0;
				GCC_PREPROCESSOR_DEFINITIONS = (
					"DEBUG=1",
					"$(inherited)",
				);
				GCC_WARN_64_TO_32_BIT_CONVERSION = YES;
				GCC_WARN_ABOUT_RETURN_TYPE = YES_ERROR;
				GCC_WARN_UNDECLARED_SELECTOR = YES;
				GCC_WARN_UNINITIALIZED_AUTOS = YES_AGGRESSIVE;
				GCC_WARN_UNUSED_FUNCTION = YES;
				GCC_WARN_UNUSED_VARIABLE = YES;
				MACOSX_DEPLOYMENT_TARGET = 10.12;
				MTL_ENABLE_DEBUG_INFO = YES;
				ONLY_ACTIVE_ARCH = YES;
				SDKROOT = macosx;
			};
			name = Debug;
		};
		59B025731DC0DBB2004A19A7 /* Release */ = {
			isa = XCBuildConfiguration;
			buildSettings = {
				ALWAYS_SEARCH_USER_PATHS = NO;
				CLANG_ANALYZER_NONNULL = YES;
				CLANG_CXX_LANGUAGE_STANDARD = "gnu++0x";
				CLANG_CXX_LIBRARY = "libc++";
				CLANG_ENABLE_MODULES = YES;
				CLANG_ENABLE_OBJC_ARC = YES;
				CLANG_WARN_BOOL_CONVERSION = YES;
				CLANG_WARN_CONSTANT_CONVERSION = YES;
				CLANG_WARN_DIRECT_OBJC_ISA_USAGE = YES_ERROR;
				CLANG_WARN_DOCUMENTATION_COMMENTS = YES;
				CLANG_WARN_EMPTY_BODY = YES;
				CLANG_WARN_ENUM_CONVERSION = YES;
				CLANG_WARN_INFINITE_RECURSION = YES;
				CLANG_WARN_INT_CONVERSION = YES;
				CLANG_WARN_OBJC_ROOT_CLASS = YES_ERROR;
				CLANG_WARN_SUSPICIOUS_MOVES = YES;
				CLANG_WARN_UNREACHABLE_CODE = YES;
				CLANG_WARN__DUPLICATE_METHOD_MATCH = YES;
				CODE_SIGN_IDENTITY = "-";
				COPY_PHASE_STRIP = NO;
				DEBUG_INFORMATION_FORMAT = "dwarf-with-dsym";
				ENABLE_NS_ASSERTIONS = NO;
				ENABLE_STRICT_OBJC_MSGSEND = YES;
				GCC_C_LANGUAGE_STANDARD = gnu99;
				GCC_NO_COMMON_BLOCKS = YES;
				GCC_WARN_64_TO_32_BIT_CONVERSION = YES;
				GCC_WARN_ABOUT_RETURN_TYPE = YES_ERROR;
				GCC_WARN_UNDECLARED_SELECTOR = YES;
				GCC_WARN_UNINITIALIZED_AUTOS = YES_AGGRESSIVE;
				GCC_WARN_UNUSED_FUNCTION = YES;
				GCC_WARN_UNUSED_VARIABLE = YES;
				MACOSX_DEPLOYMENT_TARGET = 10.12;
				MTL_ENABLE_DEBUG_INFO = NO;
				SDKROOT = macosx;
			};
			name = Release;
		};
		59B025751DC0DBB2004A19A7 /* Debug */ = {
			isa = XCBuildConfiguration;
			buildSettings = {
				ASSETCATALOG_COMPILER_APPICON_NAME = AppIcon;
				COMBINE_HIDPI_IMAGES = YES;
				INFOPLIST_FILE = xxx/Info.plist;
				LD_RUNPATH_SEARCH_PATHS = "$(inherited) @executable_path/../Frameworks";
				PRODUCT_BUNDLE_IDENTIFIER = Congthanh.xxx;
				PRODUCT_NAME = "$(TARGET_NAME)";
			};
			name = Debug;
		};
		59B025761DC0DBB2004A19A7 /* Release */ = {
			isa = XCBuildConfiguration;
			buildSettings = {
				ASSETCATALOG_COMPILER_APPICON_NAME = AppIcon;
				COMBINE_HIDPI_IMAGES = YES;
				INFOPLIST_FILE = xxx/Info.plist;
				LD_RUNPATH_SEARCH_PATHS = "$(inherited) @executable_path/../Frameworks";
				PRODUCT_BUNDLE_IDENTIFIER = Congthanh.xxx;
				PRODUCT_NAME = "$(TARGET_NAME)";
			};
			name = Release;
		};
		59B025781DC0DBB2004A19A7 /* Debug */ = {
			isa = XCBuildConfiguration;
			buildSettings = {
				BUNDLE_LOADER = "$(TEST_HOST)";
				COMBINE_HIDPI_IMAGES = YES;
				INFOPLIST_FILE = xxxTests/Info.plist;
				LD_RUNPATH_SEARCH_PATHS = "$(inherited) @executable_path/../Frameworks @loader_path/../Frameworks";
				PRODUCT_BUNDLE_IDENTIFIER = Congthanh.xxxTests;
				PRODUCT_NAME = "$(TARGET_NAME)";
				TEST_HOST = "$(BUILT_PRODUCTS_DIR)/xxx.app/Contents/MacOS/xxx";
			};
			name = Debug;
		};
		59B025791DC0DBB2004A19A7 /* Release */ = {
			isa = XCBuildConfiguration;
			buildSettings = {
				BUNDLE_LOADER = "$(TEST_HOST)";
				COMBINE_HIDPI_IMAGES = YES;
				INFOPLIST_FILE = xxxTests/Info.plist;
				LD_RUNPATH_SEARCH_PATHS = "$(inherited) @executable_path/../Frameworks @loader_path/../Frameworks";
				PRODUCT_BUNDLE_IDENTIFIER = Congthanh.xxxTests;
				PRODUCT_NAME = "$(TARGET_NAME)";
				TEST_HOST = "$(BUILT_PRODUCTS_DIR)/xxx.app/Contents/MacOS/xxx";
			};
			name = Release;
		};
		59B0257B1DC0DBB2004A19A7 /* Debug */ = {
			isa = XCBuildConfiguration;
			buildSettings = {
				COMBINE_HIDPI_IMAGES = YES;
				INFOPLIST_FILE = xxxUITests/Info.plist;
				LD_RUNPATH_SEARCH_PATHS = "$(inherited) @executable_path/../Frameworks @loader_path/../Frameworks";
				PRODUCT_BUNDLE_IDENTIFIER = Congthanh.xxxUITests;
				PRODUCT_NAME = "$(TARGET_NAME)";
				TEST_TARGET_NAME = xxx;
			};
			name = Debug;
		};
		59B0257C1DC0DBB2004A19A7 /* Release */ = {
			isa = XCBuildConfiguration;
			buildSettings = {
				COMBINE_HIDPI_IMAGES = YES;
				INFOPLIST_FILE = xxxUITests/Info.plist;
				LD_RUNPATH_SEARCH_PATHS = "$(inherited) @executable_path/../Frameworks @loader_path/../Frameworks";
				PRODUCT_BUNDLE_IDENTIFIER = Congthanh.xxxUITests;
				PRODUCT_NAME = "$(TARGET_NAME)";
				TEST_TARGET_NAME = xxx;
			};
			name = Release;
		};
/* End XCBuildConfiguration section */

/* Begin XCConfigurationList section */
		59B025451DC0DBB2004A19A7 /* Build configuration list for PBXProject "xxx" */ = {
			isa = XCConfigurationList;
			buildConfigurations = (
				59B025721DC0DBB2004A19A7 /* Debug */,
				59B025731DC0DBB2004A19A7 /* Release */,
			);
			defaultConfigurationIsVisible = 0;
			defaultConfigurationName = Release;
		};
		59B025741DC0DBB2004A19A7 /* Build configuration list for PBXNativeTarget "xxx" */ = {
			isa = XCConfigurationList;
			buildConfigurations = (
				59B025751DC0DBB2004A19A7 /* Debug */,
				59B025761DC0DBB2004A19A7 /* Release */,
			);
			defaultConfigurationIsVisible = 0;
		};
		59B025771DC0DBB2004A19A7 /* Build configuration list for PBXNativeTarget "xxxTests" */ = {
			isa = XCConfigurationList;
			buildConfigurations = (
				59B025781DC0DBB2004A19A7 /* Debug */,
				59B025791DC0DBB2004A19A7 /* Release */,
			);
			defaultConfigurationIsVisible = 0;
		};
		59B0257A1DC0DBB2004A19A7 /* Build configuration list for PBXNativeTarget "xxxUITests" */ = {
			isa = XCConfigurationList;
			buildConfigurations = (
				59B0257B1DC0DBB2004A19A7 /* Debug */,
				59B0257C1DC0DBB2004A19A7 /* Release */,
			);
			defaultConfigurationIsVisible = 0;
		};
/* End XCConfigurationList section */
	};
	rootObject = 59B025421DC0DBB2004A19A7 /* Project object */;
}
